
Microsoft Visual Studio Solution File, Format Version 12.00
# Visual Studio 2012
Project("{2150E333-8FDC-42A3-9474-1A3956D46DE8}") = "01 Operator Overloading", "01 Operator Overloading", "{58973CF3-5240-4677-B066-0C5B4F50E264}"
EndProject
Project("{FAE04EC0-301F-11D3-BF4B-00C04F79EFBC}") = "OperatorOverloading.Host", "01 Operator Overloading\Operator Overloading.Host\OperatorOverloading.Host.csproj", "{378C4511-74DC-41E3-989C-6073EA6620CE}"
EndProject
Project("{FAE04EC0-301F-11D3-BF4B-00C04F79EFBC}") = "OperatorOverloading.Model", "01 Operator Overloading\Operator Overloading.Model\OperatorOverloading.Model.csproj", "{65206220-DF29-4FDB-874F-C5631BF66CA7}"
EndProject
Project("{FAE04EC0-301F-11D3-BF4B-00C04F79EFBC}") = "OperatorOverLoading.Dbl", "01 Operator Overloading\OperatorOverloading.dbl\OperatorOverLoading.dbl\OperatorOverLoading.Dbl.csproj", "{9B82765D-3FE2-4D9F-8F2A-F3B93EAD2770}"
EndProject
Project("{FAE04EC0-301F-11D3-BF4B-00C04F79EFBC}") = "Operator Overloading.Parse", "Operator Overloading.Parse\Operator Overloading.Parse.csproj", "{BBC892AC-1014-4162-A35D-066804BE7134}"
EndProject
Project("{2150E333-8FDC-42A3-9474-1A3956D46DE8}") = "02 Web Server", "02 Web Server", "{8A83CFEE-28F3-4DFB-9463-B8C912770D53}"
EndProject
Project("{FAE04EC0-301F-11D3-BF4B-00C04F79EFBC}") = "WebServer.Host", "02 Web Server\WebServer.Host\WebServer.Host.csproj", "{8DA4793C-52DA-40F6-82A7-E93EA7BF16FD}"
EndProject
Project("{FAE04EC0-301F-11D3-BF4B-00C04F79EFBC}") = "WebServer.Model", "02 Web Server\WebServer.Model\WebServer.Model.csproj", "{24FA931F-3E02-4EFE-B324-454EE69CED50}"
EndProject
Global
	GlobalSection(SolutionConfigurationPlatforms) = preSolution
		Debug|Any CPU = Debug|Any CPU
		Release|Any CPU = Release|Any CPU
	EndGlobalSection
	GlobalSection(ProjectConfigurationPlatforms) = postSolution
		{378C4511-74DC-41E3-989C-6073EA6620CE}.Debug|Any CPU.ActiveCfg = Debug|Any CPU
		{378C4511-74DC-41E3-989C-6073EA6620CE}.Debug|Any CPU.Build.0 = Debug|Any CPU
		{378C4511-74DC-41E3-989C-6073EA6620CE}.Release|Any CPU.ActiveCfg = Release|Any CPU
		{378C4511-74DC-41E3-989C-6073EA6620CE}.Release|Any CPU.Build.0 = Release|Any CPU
		{65206220-DF29-4FDB-874F-C5631BF66CA7}.Debug|Any CPU.ActiveCfg = Debug|Any CPU
		{65206220-DF29-4FDB-874F-C5631BF66CA7}.Debug|Any CPU.Build.0 = Debug|Any CPU
		{65206220-DF29-4FDB-874F-C5631BF66CA7}.Release|Any CPU.ActiveCfg = Release|Any CPU
		{65206220-DF29-4FDB-874F-C5631BF66CA7}.Release|Any CPU.Build.0 = Release|Any CPU
		{9B82765D-3FE2-4D9F-8F2A-F3B93EAD2770}.Debug|Any CPU.ActiveCfg = Debug|Any CPU
		{9B82765D-3FE2-4D9F-8F2A-F3B93EAD2770}.Debug|Any CPU.Build.0 = Debug|Any CPU
		{9B82765D-3FE2-4D9F-8F2A-F3B93EAD2770}.Release|Any CPU.ActiveCfg = Release|Any CPU
		{9B82765D-3FE2-4D9F-8F2A-F3B93EAD2770}.Release|Any CPU.Build.0 = Release|Any CPU
		{BBC892AC-1014-4162-A35D-066804BE7134}.Debug|Any CPU.ActiveCfg = Debug|Any CPU
		{BBC892AC-1014-4162-A35D-066804BE7134}.Debug|Any CPU.Build.0 = Debug|Any CPU
		{BBC892AC-1014-4162-A35D-066804BE7134}.Release|Any CPU.ActiveCfg = Release|Any CPU
		{BBC892AC-1014-4162-A35D-066804BE7134}.Release|Any CPU.Build.0 = Release|Any CPU
		{8DA4793C-52DA-40F6-82A7-E93EA7BF16FD}.Debug|Any CPU.ActiveCfg = Debug|Any CPU
		{8DA4793C-52DA-40F6-82A7-E93EA7BF16FD}.Debug|Any CPU.Build.0 = Debug|Any CPU
		{8DA4793C-52DA-40F6-82A7-E93EA7BF16FD}.Release|Any CPU.ActiveCfg = Release|Any CPU
		{8DA4793C-52DA-40F6-82A7-E93EA7BF16FD}.Release|Any CPU.Build.0 = Release|Any CPU
		{24FA931F-3E02-4EFE-B324-454EE69CED50}.Debug|Any CPU.ActiveCfg = Debug|Any CPU
		{24FA931F-3E02-4EFE-B324-454EE69CED50}.Debug|Any CPU.Build.0 = Debug|Any CPU
		{24FA931F-3E02-4EFE-B324-454EE69CED50}.Release|Any CPU.ActiveCfg = Release|Any CPU
		{24FA931F-3E02-4EFE-B324-454EE69CED50}.Release|Any CPU.Build.0 = Release|Any CPU
	EndGlobalSection
	GlobalSection(SolutionProperties) = preSolution
		HideSolutionNode = FALSE
	EndGlobalSection
	GlobalSection(NestedProjects) = preSolution
		{378C4511-74DC-41E3-989C-6073EA6620CE} = {58973CF3-5240-4677-B066-0C5B4F50E264}
		{65206220-DF29-4FDB-874F-C5631BF66CA7} = {58973CF3-5240-4677-B066-0C5B4F50E264}
		{9B82765D-3FE2-4D9F-8F2A-F3B93EAD2770} = {58973CF3-5240-4677-B066-0C5B4F50E264}
		{BBC892AC-1014-4162-A35D-066804BE7134} = {58973CF3-5240-4677-B066-0C5B4F50E264}
		{8DA4793C-52DA-40F6-82A7-E93EA7BF16FD} = {8A83CFEE-28F3-4DFB-9463-B8C912770D53}
		{24FA931F-3E02-4EFE-B324-454EE69CED50} = {8A83CFEE-28F3-4DFB-9463-B8C912770D53}
	EndGlobalSection
EndGlobal
