
Microsoft Visual Studio Solution File, Format Version 12.00
# Visual Studio 2012
Project("{2150E333-8FDC-42A3-9474-1A3956D46DE8}") = "01 Operator Overloading", "01 Operator Overloading", "{58973CF3-5240-4677-B066-0C5B4F50E264}"
EndProject
Project("{FAE04EC0-301F-11D3-BF4B-00C04F79EFBC}") = "OperatorOverloading.Host", "01 Operator Overloading\Operator Overloading.Host\OperatorOverloading.Host.csproj", "{378C4511-74DC-41E3-989C-6073EA6620CE}"
EndProject
Project("{FAE04EC0-301F-11D3-BF4B-00C04F79EFBC}") = "OperatorOverloading.Model", "01 Operator Overloading\Operator Overloading.Model\OperatorOverloading.Model.csproj", "{65206220-DF29-4FDB-874F-C5631BF66CA7}"
EndProject
Project("{FAE04EC0-301F-11D3-BF4B-00C04F79EFBC}") = "UnitTestProject1", "UnitTestProject1\UnitTestProject1.csproj", "{4A419221-5C92-4711-9F67-9EE7A580BA3B}"
EndProject
Project("{FAE04EC0-301F-11D3-BF4B-00C04F79EFBC}") = "OperatorOverLoading.dbl", "01 Operator Overloading\OperatorOverloading.dbl\OperatorOverLoading.dbl\OperatorOverLoading.dbl.csproj", "{9B82765D-3FE2-4D9F-8F2A-F3B93EAD2770}"
EndProject
Global
	GlobalSection(SolutionConfigurationPlatforms) = preSolution
		Debug|Any CPU = Debug|Any CPU
		Release|Any CPU = Release|Any CPU
	EndGlobalSection
	GlobalSection(ProjectConfigurationPlatforms) = postSolution
		{378C4511-74DC-41E3-989C-6073EA6620CE}.Debug|Any CPU.ActiveCfg = Debug|Any CPU
		{378C4511-74DC-41E3-989C-6073EA6620CE}.Debug|Any CPU.Build.0 = Debug|Any CPU
		{378C4511-74DC-41E3-989C-6073EA6620CE}.Release|Any CPU.ActiveCfg = Release|Any CPU
		{378C4511-74DC-41E3-989C-6073EA6620CE}.Release|Any CPU.Build.0 = Release|Any CPU
		{65206220-DF29-4FDB-874F-C5631BF66CA7}.Debug|Any CPU.ActiveCfg = Debug|Any CPU
		{65206220-DF29-4FDB-874F-C5631BF66CA7}.Debug|Any CPU.Build.0 = Debug|Any CPU
		{65206220-DF29-4FDB-874F-C5631BF66CA7}.Release|Any CPU.ActiveCfg = Release|Any CPU
		{65206220-DF29-4FDB-874F-C5631BF66CA7}.Release|Any CPU.Build.0 = Release|Any CPU
		{4A419221-5C92-4711-9F67-9EE7A580BA3B}.Debug|Any CPU.ActiveCfg = Debug|Any CPU
		{4A419221-5C92-4711-9F67-9EE7A580BA3B}.Debug|Any CPU.Build.0 = Debug|Any CPU
		{4A419221-5C92-4711-9F67-9EE7A580BA3B}.Release|Any CPU.ActiveCfg = Release|Any CPU
		{4A419221-5C92-4711-9F67-9EE7A580BA3B}.Release|Any CPU.Build.0 = Release|Any CPU
		{9B82765D-3FE2-4D9F-8F2A-F3B93EAD2770}.Debug|Any CPU.ActiveCfg = Debug|Any CPU
		{9B82765D-3FE2-4D9F-8F2A-F3B93EAD2770}.Debug|Any CPU.Build.0 = Debug|Any CPU
		{9B82765D-3FE2-4D9F-8F2A-F3B93EAD2770}.Release|Any CPU.ActiveCfg = Release|Any CPU
		{9B82765D-3FE2-4D9F-8F2A-F3B93EAD2770}.Release|Any CPU.Build.0 = Release|Any CPU
	EndGlobalSection
	GlobalSection(SolutionProperties) = preSolution
		HideSolutionNode = FALSE
	EndGlobalSection
	GlobalSection(NestedProjects) = preSolution
		{378C4511-74DC-41E3-989C-6073EA6620CE} = {58973CF3-5240-4677-B066-0C5B4F50E264}
		{65206220-DF29-4FDB-874F-C5631BF66CA7} = {58973CF3-5240-4677-B066-0C5B4F50E264}
		{4A419221-5C92-4711-9F67-9EE7A580BA3B} = {58973CF3-5240-4677-B066-0C5B4F50E264}
		{9B82765D-3FE2-4D9F-8F2A-F3B93EAD2770} = {58973CF3-5240-4677-B066-0C5B4F50E264}
	EndGlobalSection
EndGlobal
